
Microsoft Visual Studio Solution File, Format Version 12.00
Project("{FAE04EC0-301F-11D3-BF4B-00C04F79EFBC}") = "TennisApplication", "TennisApplication\TennisApplication.csproj", "{674217C0-73C1-4186-B5B2-5F53F6EC463A}"
EndProject
Global
	GlobalSection(SolutionConfigurationPlatforms) = preSolution
		Debug|Any CPU = Debug|Any CPU
		Release|Any CPU = Release|Any CPU
	EndGlobalSection
	GlobalSection(ProjectConfigurationPlatforms) = postSolution
		{674217C0-73C1-4186-B5B2-5F53F6EC463A}.Debug|Any CPU.ActiveCfg = Debug|Any CPU
		{674217C0-73C1-4186-B5B2-5F53F6EC463A}.Debug|Any CPU.Build.0 = Debug|Any CPU
		{674217C0-73C1-4186-B5B2-5F53F6EC463A}.Release|Any CPU.ActiveCfg = Release|Any CPU
		{674217C0-73C1-4186-B5B2-5F53F6EC463A}.Release|Any CPU.Build.0 = Release|Any CPU
	EndGlobalSection
EndGlobal
